
Microsoft Visual Studio Solution File, Format Version 12.00
# Visual Studio Version 17
VisualStudioVersion = 17.3.32929.385
MinimumVisualStudioVersion = 10.0.40219.1
Project("{2150E333-8FDC-42A3-9474-1A3956D46DE8}") = "Port.Adapter", "Port.Adapter", "{AE8E0685-A14E-4F18-8AC2-99DF1C45EFF4}"
EndProject
Project("{2150E333-8FDC-42A3-9474-1A3956D46DE8}") = "UI", "UI", "{3AF13D7E-92D5-4B2A-AB24-3A4330D2D06C}"
EndProject
Project("{9A19103F-16F7-4668-BE54-9A1E7A4F7556}") = "Domain.Model", "main\Domain.Model\Domain.Model.csproj", "{D9380408-6E1D-4098-9D72-91B30D510F72}"
EndProject
Project("{9A19103F-16F7-4668-BE54-9A1E7A4F7556}") = "Application", "main\Application\Application.csproj", "{7ABEC9E0-2D72-4E17-A26C-4519748FDA7E}"
EndProject
Project("{2150E333-8FDC-42A3-9474-1A3956D46DE8}") = "IO", "IO", "{C5AC6DD4-3490-4C8A-B5EC-3EA59C78D179}"
EndProject
Project("{2150E333-8FDC-42A3-9474-1A3956D46DE8}") = "Process", "Process", "{BD2A0655-FEC0-45EA-BE9B-94E730C2DC6B}"
EndProject
Project("{9A19103F-16F7-4668-BE54-9A1E7A4F7556}") = "Services", "main\Port.Adapter\IO\Process\Services\Services.csproj", "{69654AC7-999C-493A-88A6-7B5357EBFCF4}"
EndProject
Project("{2150E333-8FDC-42A3-9474-1A3956D46DE8}") = "Views", "Views", "{38132213-F062-41E8-850D-6219AA841AEA}"
EndProject
Project("{9A19103F-16F7-4668-BE54-9A1E7A4F7556}") = "Blazor", "main\Port.Adapter\UI\Views\Blazor\Blazor.csproj", "{A197F406-9944-49B9-B9B4-A17BF612C8A9}"
EndProject
Project("{9A19103F-16F7-4668-BE54-9A1E7A4F7556}") = "Common", "main\Port.Adapter\Common\Common.csproj", "{5AD374E6-F50F-4026-BD1A-FE75DD7F7769}"
EndProject
Project("{E53339B2-1760-4266-BCC7-CA923CBCF16C}") = "docker-compose", "docker-compose.dcproj", "{9B7D4B34-44DD-4F36-A97E-F1EB9E5205AC}"
EndProject
Project("{2150E333-8FDC-42A3-9474-1A3956D46DE8}") = "Persistence", "Persistence", "{20DD5B7A-4A1E-490F-9E24-B54CC1A05BDE}"
EndProject
Project("{9A19103F-16F7-4668-BE54-9A1E7A4F7556}") = "SQLite", "main\Port.Adapter\IO\Persistence\SQLite\SQLite.csproj", "{F84BA44F-FEF0-4431-8AA3-C49D89DE622A}"
EndProject
Project("{9A19103F-16F7-4668-BE54-9A1E7A4F7556}") = "Common", "main\Port.Adapter\UI\Views\Common\Common.csproj", "{F0C34D6B-8B22-44D6-937F-0C5AE3AD60F4}"
EndProject
Project("{9A19103F-16F7-4668-BE54-9A1E7A4F7556}") = "ViewModels", "main\Port.Adapter\UI\ViewModels\ViewModels.csproj", "{AD384E19-7EC3-45A0-BF26-4270884CD3CF}"
EndProject
Project("{9A19103F-16F7-4668-BE54-9A1E7A4F7556}") = "Blazor.Common", "main\Port.Adapter\UI\Views\Blazor.Common\Blazor.Common.csproj", "{F88D3FD9-979D-4D85-9E32-FC2099BB71A5}"
EndProject
Global
	GlobalSection(SolutionConfigurationPlatforms) = preSolution
		Ad-Hoc|Any CPU = Ad-Hoc|Any CPU
		Ad-Hoc|ARM = Ad-Hoc|ARM
		Ad-Hoc|iPhone = Ad-Hoc|iPhone
		Ad-Hoc|iPhoneSimulator = Ad-Hoc|iPhoneSimulator
		Ad-Hoc|x64 = Ad-Hoc|x64
		Ad-Hoc|x86 = Ad-Hoc|x86
		AppStore|Any CPU = AppStore|Any CPU
		AppStore|ARM = AppStore|ARM
		AppStore|iPhone = AppStore|iPhone
		AppStore|iPhoneSimulator = AppStore|iPhoneSimulator
		AppStore|x64 = AppStore|x64
		AppStore|x86 = AppStore|x86
		Debug|Any CPU = Debug|Any CPU
		Debug|ARM = Debug|ARM
		Debug|iPhone = Debug|iPhone
		Debug|iPhoneSimulator = Debug|iPhoneSimulator
		Debug|x64 = Debug|x64
		Debug|x86 = Debug|x86
		Release|Any CPU = Release|Any CPU
		Release|ARM = Release|ARM
		Release|iPhone = Release|iPhone
		Release|iPhoneSimulator = Release|iPhoneSimulator
		Release|x64 = Release|x64
		Release|x86 = Release|x86
	EndGlobalSection
	GlobalSection(ProjectConfigurationPlatforms) = postSolution
		{D9380408-6E1D-4098-9D72-91B30D510F72}.Ad-Hoc|Any CPU.ActiveCfg = Debug|Any CPU
		{D9380408-6E1D-4098-9D72-91B30D510F72}.Ad-Hoc|Any CPU.Build.0 = Debug|Any CPU
		{D9380408-6E1D-4098-9D72-91B30D510F72}.Ad-Hoc|ARM.ActiveCfg = Debug|Any CPU
		{D9380408-6E1D-4098-9D72-91B30D510F72}.Ad-Hoc|ARM.Build.0 = Debug|Any CPU
		{D9380408-6E1D-4098-9D72-91B30D510F72}.Ad-Hoc|iPhone.ActiveCfg = Debug|Any CPU
		{D9380408-6E1D-4098-9D72-91B30D510F72}.Ad-Hoc|iPhone.Build.0 = Debug|Any CPU
		{D9380408-6E1D-4098-9D72-91B30D510F72}.Ad-Hoc|iPhoneSimulator.ActiveCfg = Debug|Any CPU
		{D9380408-6E1D-4098-9D72-91B30D510F72}.Ad-Hoc|iPhoneSimulator.Build.0 = Debug|Any CPU
		{D9380408-6E1D-4098-9D72-91B30D510F72}.Ad-Hoc|x64.ActiveCfg = Debug|Any CPU
		{D9380408-6E1D-4098-9D72-91B30D510F72}.Ad-Hoc|x64.Build.0 = Debug|Any CPU
		{D9380408-6E1D-4098-9D72-91B30D510F72}.Ad-Hoc|x86.ActiveCfg = Debug|Any CPU
		{D9380408-6E1D-4098-9D72-91B30D510F72}.Ad-Hoc|x86.Build.0 = Debug|Any CPU
		{D9380408-6E1D-4098-9D72-91B30D510F72}.AppStore|Any CPU.ActiveCfg = Debug|Any CPU
		{D9380408-6E1D-4098-9D72-91B30D510F72}.AppStore|Any CPU.Build.0 = Debug|Any CPU
		{D9380408-6E1D-4098-9D72-91B30D510F72}.AppStore|ARM.ActiveCfg = Debug|Any CPU
		{D9380408-6E1D-4098-9D72-91B30D510F72}.AppStore|ARM.Build.0 = Debug|Any CPU
		{D9380408-6E1D-4098-9D72-91B30D510F72}.AppStore|iPhone.ActiveCfg = Debug|Any CPU
		{D9380408-6E1D-4098-9D72-91B30D510F72}.AppStore|iPhone.Build.0 = Debug|Any CPU
		{D9380408-6E1D-4098-9D72-91B30D510F72}.AppStore|iPhoneSimulator.ActiveCfg = Debug|Any CPU
		{D9380408-6E1D-4098-9D72-91B30D510F72}.AppStore|iPhoneSimulator.Build.0 = Debug|Any CPU
		{D9380408-6E1D-4098-9D72-91B30D510F72}.AppStore|x64.ActiveCfg = Debug|Any CPU
		{D9380408-6E1D-4098-9D72-91B30D510F72}.AppStore|x64.Build.0 = Debug|Any CPU
		{D9380408-6E1D-4098-9D72-91B30D510F72}.AppStore|x86.ActiveCfg = Debug|Any CPU
		{D9380408-6E1D-4098-9D72-91B30D510F72}.AppStore|x86.Build.0 = Debug|Any CPU
		{D9380408-6E1D-4098-9D72-91B30D510F72}.Debug|Any CPU.ActiveCfg = Debug|Any CPU
		{D9380408-6E1D-4098-9D72-91B30D510F72}.Debug|Any CPU.Build.0 = Debug|Any CPU
		{D9380408-6E1D-4098-9D72-91B30D510F72}.Debug|ARM.ActiveCfg = Debug|Any CPU
		{D9380408-6E1D-4098-9D72-91B30D510F72}.Debug|ARM.Build.0 = Debug|Any CPU
		{D9380408-6E1D-4098-9D72-91B30D510F72}.Debug|iPhone.ActiveCfg = Debug|Any CPU
		{D9380408-6E1D-4098-9D72-91B30D510F72}.Debug|iPhone.Build.0 = Debug|Any CPU
		{D9380408-6E1D-4098-9D72-91B30D510F72}.Debug|iPhoneSimulator.ActiveCfg = Debug|Any CPU
		{D9380408-6E1D-4098-9D72-91B30D510F72}.Debug|iPhoneSimulator.Build.0 = Debug|Any CPU
		{D9380408-6E1D-4098-9D72-91B30D510F72}.Debug|x64.ActiveCfg = Debug|Any CPU
		{D9380408-6E1D-4098-9D72-91B30D510F72}.Debug|x64.Build.0 = Debug|Any CPU
		{D9380408-6E1D-4098-9D72-91B30D510F72}.Debug|x86.ActiveCfg = Debug|Any CPU
		{D9380408-6E1D-4098-9D72-91B30D510F72}.Debug|x86.Build.0 = Debug|Any CPU
		{D9380408-6E1D-4098-9D72-91B30D510F72}.Release|Any CPU.ActiveCfg = Release|Any CPU
		{D9380408-6E1D-4098-9D72-91B30D510F72}.Release|Any CPU.Build.0 = Release|Any CPU
		{D9380408-6E1D-4098-9D72-91B30D510F72}.Release|ARM.ActiveCfg = Release|Any CPU
		{D9380408-6E1D-4098-9D72-91B30D510F72}.Release|ARM.Build.0 = Release|Any CPU
		{D9380408-6E1D-4098-9D72-91B30D510F72}.Release|iPhone.ActiveCfg = Release|Any CPU
		{D9380408-6E1D-4098-9D72-91B30D510F72}.Release|iPhone.Build.0 = Release|Any CPU
		{D9380408-6E1D-4098-9D72-91B30D510F72}.Release|iPhoneSimulator.ActiveCfg = Release|Any CPU
		{D9380408-6E1D-4098-9D72-91B30D510F72}.Release|iPhoneSimulator.Build.0 = Release|Any CPU
		{D9380408-6E1D-4098-9D72-91B30D510F72}.Release|x64.ActiveCfg = Release|Any CPU
		{D9380408-6E1D-4098-9D72-91B30D510F72}.Release|x64.Build.0 = Release|Any CPU
		{D9380408-6E1D-4098-9D72-91B30D510F72}.Release|x86.ActiveCfg = Release|Any CPU
		{D9380408-6E1D-4098-9D72-91B30D510F72}.Release|x86.Build.0 = Release|Any CPU
		{7ABEC9E0-2D72-4E17-A26C-4519748FDA7E}.Ad-Hoc|Any CPU.ActiveCfg = Debug|Any CPU
		{7ABEC9E0-2D72-4E17-A26C-4519748FDA7E}.Ad-Hoc|Any CPU.Build.0 = Debug|Any CPU
		{7ABEC9E0-2D72-4E17-A26C-4519748FDA7E}.Ad-Hoc|ARM.ActiveCfg = Debug|Any CPU
		{7ABEC9E0-2D72-4E17-A26C-4519748FDA7E}.Ad-Hoc|ARM.Build.0 = Debug|Any CPU
		{7ABEC9E0-2D72-4E17-A26C-4519748FDA7E}.Ad-Hoc|iPhone.ActiveCfg = Debug|Any CPU
		{7ABEC9E0-2D72-4E17-A26C-4519748FDA7E}.Ad-Hoc|iPhone.Build.0 = Debug|Any CPU
		{7ABEC9E0-2D72-4E17-A26C-4519748FDA7E}.Ad-Hoc|iPhoneSimulator.ActiveCfg = Debug|Any CPU
		{7ABEC9E0-2D72-4E17-A26C-4519748FDA7E}.Ad-Hoc|iPhoneSimulator.Build.0 = Debug|Any CPU
		{7ABEC9E0-2D72-4E17-A26C-4519748FDA7E}.Ad-Hoc|x64.ActiveCfg = Debug|Any CPU
		{7ABEC9E0-2D72-4E17-A26C-4519748FDA7E}.Ad-Hoc|x64.Build.0 = Debug|Any CPU
		{7ABEC9E0-2D72-4E17-A26C-4519748FDA7E}.Ad-Hoc|x86.ActiveCfg = Debug|Any CPU
		{7ABEC9E0-2D72-4E17-A26C-4519748FDA7E}.Ad-Hoc|x86.Build.0 = Debug|Any CPU
		{7ABEC9E0-2D72-4E17-A26C-4519748FDA7E}.AppStore|Any CPU.ActiveCfg = Debug|Any CPU
		{7ABEC9E0-2D72-4E17-A26C-4519748FDA7E}.AppStore|Any CPU.Build.0 = Debug|Any CPU
		{7ABEC9E0-2D72-4E17-A26C-4519748FDA7E}.AppStore|ARM.ActiveCfg = Debug|Any CPU
		{7ABEC9E0-2D72-4E17-A26C-4519748FDA7E}.AppStore|ARM.Build.0 = Debug|Any CPU
		{7ABEC9E0-2D72-4E17-A26C-4519748FDA7E}.AppStore|iPhone.ActiveCfg = Debug|Any CPU
		{7ABEC9E0-2D72-4E17-A26C-4519748FDA7E}.AppStore|iPhone.Build.0 = Debug|Any CPU
		{7ABEC9E0-2D72-4E17-A26C-4519748FDA7E}.AppStore|iPhoneSimulator.ActiveCfg = Debug|Any CPU
		{7ABEC9E0-2D72-4E17-A26C-4519748FDA7E}.AppStore|iPhoneSimulator.Build.0 = Debug|Any CPU
		{7ABEC9E0-2D72-4E17-A26C-4519748FDA7E}.AppStore|x64.ActiveCfg = Debug|Any CPU
		{7ABEC9E0-2D72-4E17-A26C-4519748FDA7E}.AppStore|x64.Build.0 = Debug|Any CPU
		{7ABEC9E0-2D72-4E17-A26C-4519748FDA7E}.AppStore|x86.ActiveCfg = Debug|Any CPU
		{7ABEC9E0-2D72-4E17-A26C-4519748FDA7E}.AppStore|x86.Build.0 = Debug|Any CPU
		{7ABEC9E0-2D72-4E17-A26C-4519748FDA7E}.Debug|Any CPU.ActiveCfg = Debug|Any CPU
		{7ABEC9E0-2D72-4E17-A26C-4519748FDA7E}.Debug|Any CPU.Build.0 = Debug|Any CPU
		{7ABEC9E0-2D72-4E17-A26C-4519748FDA7E}.Debug|ARM.ActiveCfg = Debug|Any CPU
		{7ABEC9E0-2D72-4E17-A26C-4519748FDA7E}.Debug|ARM.Build.0 = Debug|Any CPU
		{7ABEC9E0-2D72-4E17-A26C-4519748FDA7E}.Debug|iPhone.ActiveCfg = Debug|Any CPU
		{7ABEC9E0-2D72-4E17-A26C-4519748FDA7E}.Debug|iPhone.Build.0 = Debug|Any CPU
		{7ABEC9E0-2D72-4E17-A26C-4519748FDA7E}.Debug|iPhoneSimulator.ActiveCfg = Debug|Any CPU
		{7ABEC9E0-2D72-4E17-A26C-4519748FDA7E}.Debug|iPhoneSimulator.Build.0 = Debug|Any CPU
		{7ABEC9E0-2D72-4E17-A26C-4519748FDA7E}.Debug|x64.ActiveCfg = Debug|Any CPU
		{7ABEC9E0-2D72-4E17-A26C-4519748FDA7E}.Debug|x64.Build.0 = Debug|Any CPU
		{7ABEC9E0-2D72-4E17-A26C-4519748FDA7E}.Debug|x86.ActiveCfg = Debug|Any CPU
		{7ABEC9E0-2D72-4E17-A26C-4519748FDA7E}.Debug|x86.Build.0 = Debug|Any CPU
		{7ABEC9E0-2D72-4E17-A26C-4519748FDA7E}.Release|Any CPU.ActiveCfg = Release|Any CPU
		{7ABEC9E0-2D72-4E17-A26C-4519748FDA7E}.Release|Any CPU.Build.0 = Release|Any CPU
		{7ABEC9E0-2D72-4E17-A26C-4519748FDA7E}.Release|ARM.ActiveCfg = Release|Any CPU
		{7ABEC9E0-2D72-4E17-A26C-4519748FDA7E}.Release|ARM.Build.0 = Release|Any CPU
		{7ABEC9E0-2D72-4E17-A26C-4519748FDA7E}.Release|iPhone.ActiveCfg = Release|Any CPU
		{7ABEC9E0-2D72-4E17-A26C-4519748FDA7E}.Release|iPhone.Build.0 = Release|Any CPU
		{7ABEC9E0-2D72-4E17-A26C-4519748FDA7E}.Release|iPhoneSimulator.ActiveCfg = Release|Any CPU
		{7ABEC9E0-2D72-4E17-A26C-4519748FDA7E}.Release|iPhoneSimulator.Build.0 = Release|Any CPU
		{7ABEC9E0-2D72-4E17-A26C-4519748FDA7E}.Release|x64.ActiveCfg = Release|Any CPU
		{7ABEC9E0-2D72-4E17-A26C-4519748FDA7E}.Release|x64.Build.0 = Release|Any CPU
		{7ABEC9E0-2D72-4E17-A26C-4519748FDA7E}.Release|x86.ActiveCfg = Release|Any CPU
		{7ABEC9E0-2D72-4E17-A26C-4519748FDA7E}.Release|x86.Build.0 = Release|Any CPU
		{69654AC7-999C-493A-88A6-7B5357EBFCF4}.Ad-Hoc|Any CPU.ActiveCfg = Debug|Any CPU
		{69654AC7-999C-493A-88A6-7B5357EBFCF4}.Ad-Hoc|Any CPU.Build.0 = Debug|Any CPU
		{69654AC7-999C-493A-88A6-7B5357EBFCF4}.Ad-Hoc|ARM.ActiveCfg = Debug|Any CPU
		{69654AC7-999C-493A-88A6-7B5357EBFCF4}.Ad-Hoc|ARM.Build.0 = Debug|Any CPU
		{69654AC7-999C-493A-88A6-7B5357EBFCF4}.Ad-Hoc|iPhone.ActiveCfg = Debug|Any CPU
		{69654AC7-999C-493A-88A6-7B5357EBFCF4}.Ad-Hoc|iPhone.Build.0 = Debug|Any CPU
		{69654AC7-999C-493A-88A6-7B5357EBFCF4}.Ad-Hoc|iPhoneSimulator.ActiveCfg = Debug|Any CPU
		{69654AC7-999C-493A-88A6-7B5357EBFCF4}.Ad-Hoc|iPhoneSimulator.Build.0 = Debug|Any CPU
		{69654AC7-999C-493A-88A6-7B5357EBFCF4}.Ad-Hoc|x64.ActiveCfg = Debug|Any CPU
		{69654AC7-999C-493A-88A6-7B5357EBFCF4}.Ad-Hoc|x64.Build.0 = Debug|Any CPU
		{69654AC7-999C-493A-88A6-7B5357EBFCF4}.Ad-Hoc|x86.ActiveCfg = Debug|Any CPU
		{69654AC7-999C-493A-88A6-7B5357EBFCF4}.Ad-Hoc|x86.Build.0 = Debug|Any CPU
		{69654AC7-999C-493A-88A6-7B5357EBFCF4}.AppStore|Any CPU.ActiveCfg = Debug|Any CPU
		{69654AC7-999C-493A-88A6-7B5357EBFCF4}.AppStore|Any CPU.Build.0 = Debug|Any CPU
		{69654AC7-999C-493A-88A6-7B5357EBFCF4}.AppStore|ARM.ActiveCfg = Debug|Any CPU
		{69654AC7-999C-493A-88A6-7B5357EBFCF4}.AppStore|ARM.Build.0 = Debug|Any CPU
		{69654AC7-999C-493A-88A6-7B5357EBFCF4}.AppStore|iPhone.ActiveCfg = Debug|Any CPU
		{69654AC7-999C-493A-88A6-7B5357EBFCF4}.AppStore|iPhone.Build.0 = Debug|Any CPU
		{69654AC7-999C-493A-88A6-7B5357EBFCF4}.AppStore|iPhoneSimulator.ActiveCfg = Debug|Any CPU
		{69654AC7-999C-493A-88A6-7B5357EBFCF4}.AppStore|iPhoneSimulator.Build.0 = Debug|Any CPU
		{69654AC7-999C-493A-88A6-7B5357EBFCF4}.AppStore|x64.ActiveCfg = Debug|Any CPU
		{69654AC7-999C-493A-88A6-7B5357EBFCF4}.AppStore|x64.Build.0 = Debug|Any CPU
		{69654AC7-999C-493A-88A6-7B5357EBFCF4}.AppStore|x86.ActiveCfg = Debug|Any CPU
		{69654AC7-999C-493A-88A6-7B5357EBFCF4}.AppStore|x86.Build.0 = Debug|Any CPU
		{69654AC7-999C-493A-88A6-7B5357EBFCF4}.Debug|Any CPU.ActiveCfg = Debug|Any CPU
		{69654AC7-999C-493A-88A6-7B5357EBFCF4}.Debug|Any CPU.Build.0 = Debug|Any CPU
		{69654AC7-999C-493A-88A6-7B5357EBFCF4}.Debug|ARM.ActiveCfg = Debug|Any CPU
		{69654AC7-999C-493A-88A6-7B5357EBFCF4}.Debug|ARM.Build.0 = Debug|Any CPU
		{69654AC7-999C-493A-88A6-7B5357EBFCF4}.Debug|iPhone.ActiveCfg = Debug|Any CPU
		{69654AC7-999C-493A-88A6-7B5357EBFCF4}.Debug|iPhone.Build.0 = Debug|Any CPU
		{69654AC7-999C-493A-88A6-7B5357EBFCF4}.Debug|iPhoneSimulator.ActiveCfg = Debug|Any CPU
		{69654AC7-999C-493A-88A6-7B5357EBFCF4}.Debug|iPhoneSimulator.Build.0 = Debug|Any CPU
		{69654AC7-999C-493A-88A6-7B5357EBFCF4}.Debug|x64.ActiveCfg = Debug|Any CPU
		{69654AC7-999C-493A-88A6-7B5357EBFCF4}.Debug|x64.Build.0 = Debug|Any CPU
		{69654AC7-999C-493A-88A6-7B5357EBFCF4}.Debug|x86.ActiveCfg = Debug|Any CPU
		{69654AC7-999C-493A-88A6-7B5357EBFCF4}.Debug|x86.Build.0 = Debug|Any CPU
		{69654AC7-999C-493A-88A6-7B5357EBFCF4}.Release|Any CPU.ActiveCfg = Release|Any CPU
		{69654AC7-999C-493A-88A6-7B5357EBFCF4}.Release|Any CPU.Build.0 = Release|Any CPU
		{69654AC7-999C-493A-88A6-7B5357EBFCF4}.Release|ARM.ActiveCfg = Release|Any CPU
		{69654AC7-999C-493A-88A6-7B5357EBFCF4}.Release|ARM.Build.0 = Release|Any CPU
		{69654AC7-999C-493A-88A6-7B5357EBFCF4}.Release|iPhone.ActiveCfg = Release|Any CPU
		{69654AC7-999C-493A-88A6-7B5357EBFCF4}.Release|iPhone.Build.0 = Release|Any CPU
		{69654AC7-999C-493A-88A6-7B5357EBFCF4}.Release|iPhoneSimulator.ActiveCfg = Release|Any CPU
		{69654AC7-999C-493A-88A6-7B5357EBFCF4}.Release|iPhoneSimulator.Build.0 = Release|Any CPU
		{69654AC7-999C-493A-88A6-7B5357EBFCF4}.Release|x64.ActiveCfg = Release|Any CPU
		{69654AC7-999C-493A-88A6-7B5357EBFCF4}.Release|x64.Build.0 = Release|Any CPU
		{69654AC7-999C-493A-88A6-7B5357EBFCF4}.Release|x86.ActiveCfg = Release|Any CPU
		{69654AC7-999C-493A-88A6-7B5357EBFCF4}.Release|x86.Build.0 = Release|Any CPU
		{A197F406-9944-49B9-B9B4-A17BF612C8A9}.Ad-Hoc|Any CPU.ActiveCfg = Debug|Any CPU
		{A197F406-9944-49B9-B9B4-A17BF612C8A9}.Ad-Hoc|Any CPU.Build.0 = Debug|Any CPU
		{A197F406-9944-49B9-B9B4-A17BF612C8A9}.Ad-Hoc|ARM.ActiveCfg = Debug|Any CPU
		{A197F406-9944-49B9-B9B4-A17BF612C8A9}.Ad-Hoc|ARM.Build.0 = Debug|Any CPU
		{A197F406-9944-49B9-B9B4-A17BF612C8A9}.Ad-Hoc|iPhone.ActiveCfg = Debug|Any CPU
		{A197F406-9944-49B9-B9B4-A17BF612C8A9}.Ad-Hoc|iPhone.Build.0 = Debug|Any CPU
		{A197F406-9944-49B9-B9B4-A17BF612C8A9}.Ad-Hoc|iPhoneSimulator.ActiveCfg = Debug|Any CPU
		{A197F406-9944-49B9-B9B4-A17BF612C8A9}.Ad-Hoc|iPhoneSimulator.Build.0 = Debug|Any CPU
		{A197F406-9944-49B9-B9B4-A17BF612C8A9}.Ad-Hoc|x64.ActiveCfg = Debug|Any CPU
		{A197F406-9944-49B9-B9B4-A17BF612C8A9}.Ad-Hoc|x64.Build.0 = Debug|Any CPU
		{A197F406-9944-49B9-B9B4-A17BF612C8A9}.Ad-Hoc|x86.ActiveCfg = Debug|Any CPU
		{A197F406-9944-49B9-B9B4-A17BF612C8A9}.Ad-Hoc|x86.Build.0 = Debug|Any CPU
		{A197F406-9944-49B9-B9B4-A17BF612C8A9}.AppStore|Any CPU.ActiveCfg = Debug|Any CPU
		{A197F406-9944-49B9-B9B4-A17BF612C8A9}.AppStore|Any CPU.Build.0 = Debug|Any CPU
		{A197F406-9944-49B9-B9B4-A17BF612C8A9}.AppStore|ARM.ActiveCfg = Debug|Any CPU
		{A197F406-9944-49B9-B9B4-A17BF612C8A9}.AppStore|ARM.Build.0 = Debug|Any CPU
		{A197F406-9944-49B9-B9B4-A17BF612C8A9}.AppStore|iPhone.ActiveCfg = Debug|Any CPU
		{A197F406-9944-49B9-B9B4-A17BF612C8A9}.AppStore|iPhone.Build.0 = Debug|Any CPU
		{A197F406-9944-49B9-B9B4-A17BF612C8A9}.AppStore|iPhoneSimulator.ActiveCfg = Debug|Any CPU
		{A197F406-9944-49B9-B9B4-A17BF612C8A9}.AppStore|iPhoneSimulator.Build.0 = Debug|Any CPU
		{A197F406-9944-49B9-B9B4-A17BF612C8A9}.AppStore|x64.ActiveCfg = Debug|Any CPU
		{A197F406-9944-49B9-B9B4-A17BF612C8A9}.AppStore|x64.Build.0 = Debug|Any CPU
		{A197F406-9944-49B9-B9B4-A17BF612C8A9}.AppStore|x86.ActiveCfg = Debug|Any CPU
		{A197F406-9944-49B9-B9B4-A17BF612C8A9}.AppStore|x86.Build.0 = Debug|Any CPU
		{A197F406-9944-49B9-B9B4-A17BF612C8A9}.Debug|Any CPU.ActiveCfg = Debug|Any CPU
		{A197F406-9944-49B9-B9B4-A17BF612C8A9}.Debug|Any CPU.Build.0 = Debug|Any CPU
		{A197F406-9944-49B9-B9B4-A17BF612C8A9}.Debug|ARM.ActiveCfg = Debug|Any CPU
		{A197F406-9944-49B9-B9B4-A17BF612C8A9}.Debug|ARM.Build.0 = Debug|Any CPU
		{A197F406-9944-49B9-B9B4-A17BF612C8A9}.Debug|iPhone.ActiveCfg = Debug|Any CPU
		{A197F406-9944-49B9-B9B4-A17BF612C8A9}.Debug|iPhone.Build.0 = Debug|Any CPU
		{A197F406-9944-49B9-B9B4-A17BF612C8A9}.Debug|iPhoneSimulator.ActiveCfg = Debug|Any CPU
		{A197F406-9944-49B9-B9B4-A17BF612C8A9}.Debug|iPhoneSimulator.Build.0 = Debug|Any CPU
		{A197F406-9944-49B9-B9B4-A17BF612C8A9}.Debug|x64.ActiveCfg = Debug|Any CPU
		{A197F406-9944-49B9-B9B4-A17BF612C8A9}.Debug|x64.Build.0 = Debug|Any CPU
		{A197F406-9944-49B9-B9B4-A17BF612C8A9}.Debug|x86.ActiveCfg = Debug|Any CPU
		{A197F406-9944-49B9-B9B4-A17BF612C8A9}.Debug|x86.Build.0 = Debug|Any CPU
		{A197F406-9944-49B9-B9B4-A17BF612C8A9}.Release|Any CPU.ActiveCfg = Release|Any CPU
		{A197F406-9944-49B9-B9B4-A17BF612C8A9}.Release|Any CPU.Build.0 = Release|Any CPU
		{A197F406-9944-49B9-B9B4-A17BF612C8A9}.Release|ARM.ActiveCfg = Release|Any CPU
		{A197F406-9944-49B9-B9B4-A17BF612C8A9}.Release|ARM.Build.0 = Release|Any CPU
		{A197F406-9944-49B9-B9B4-A17BF612C8A9}.Release|iPhone.ActiveCfg = Release|Any CPU
		{A197F406-9944-49B9-B9B4-A17BF612C8A9}.Release|iPhone.Build.0 = Release|Any CPU
		{A197F406-9944-49B9-B9B4-A17BF612C8A9}.Release|iPhoneSimulator.ActiveCfg = Release|Any CPU
		{A197F406-9944-49B9-B9B4-A17BF612C8A9}.Release|iPhoneSimulator.Build.0 = Release|Any CPU
		{A197F406-9944-49B9-B9B4-A17BF612C8A9}.Release|x64.ActiveCfg = Release|Any CPU
		{A197F406-9944-49B9-B9B4-A17BF612C8A9}.Release|x64.Build.0 = Release|Any CPU
		{A197F406-9944-49B9-B9B4-A17BF612C8A9}.Release|x86.ActiveCfg = Release|Any CPU
		{A197F406-9944-49B9-B9B4-A17BF612C8A9}.Release|x86.Build.0 = Release|Any CPU
		{5AD374E6-F50F-4026-BD1A-FE75DD7F7769}.Ad-Hoc|Any CPU.ActiveCfg = Debug|Any CPU
		{5AD374E6-F50F-4026-BD1A-FE75DD7F7769}.Ad-Hoc|Any CPU.Build.0 = Debug|Any CPU
		{5AD374E6-F50F-4026-BD1A-FE75DD7F7769}.Ad-Hoc|ARM.ActiveCfg = Debug|Any CPU
		{5AD374E6-F50F-4026-BD1A-FE75DD7F7769}.Ad-Hoc|ARM.Build.0 = Debug|Any CPU
		{5AD374E6-F50F-4026-BD1A-FE75DD7F7769}.Ad-Hoc|iPhone.ActiveCfg = Debug|Any CPU
		{5AD374E6-F50F-4026-BD1A-FE75DD7F7769}.Ad-Hoc|iPhone.Build.0 = Debug|Any CPU
		{5AD374E6-F50F-4026-BD1A-FE75DD7F7769}.Ad-Hoc|iPhoneSimulator.ActiveCfg = Debug|Any CPU
		{5AD374E6-F50F-4026-BD1A-FE75DD7F7769}.Ad-Hoc|iPhoneSimulator.Build.0 = Debug|Any CPU
		{5AD374E6-F50F-4026-BD1A-FE75DD7F7769}.Ad-Hoc|x64.ActiveCfg = Debug|Any CPU
		{5AD374E6-F50F-4026-BD1A-FE75DD7F7769}.Ad-Hoc|x64.Build.0 = Debug|Any CPU
		{5AD374E6-F50F-4026-BD1A-FE75DD7F7769}.Ad-Hoc|x86.ActiveCfg = Debug|Any CPU
		{5AD374E6-F50F-4026-BD1A-FE75DD7F7769}.Ad-Hoc|x86.Build.0 = Debug|Any CPU
		{5AD374E6-F50F-4026-BD1A-FE75DD7F7769}.AppStore|Any CPU.ActiveCfg = Debug|Any CPU
		{5AD374E6-F50F-4026-BD1A-FE75DD7F7769}.AppStore|Any CPU.Build.0 = Debug|Any CPU
		{5AD374E6-F50F-4026-BD1A-FE75DD7F7769}.AppStore|ARM.ActiveCfg = Debug|Any CPU
		{5AD374E6-F50F-4026-BD1A-FE75DD7F7769}.AppStore|ARM.Build.0 = Debug|Any CPU
		{5AD374E6-F50F-4026-BD1A-FE75DD7F7769}.AppStore|iPhone.ActiveCfg = Debug|Any CPU
		{5AD374E6-F50F-4026-BD1A-FE75DD7F7769}.AppStore|iPhone.Build.0 = Debug|Any CPU
		{5AD374E6-F50F-4026-BD1A-FE75DD7F7769}.AppStore|iPhoneSimulator.ActiveCfg = Debug|Any CPU
		{5AD374E6-F50F-4026-BD1A-FE75DD7F7769}.AppStore|iPhoneSimulator.Build.0 = Debug|Any CPU
		{5AD374E6-F50F-4026-BD1A-FE75DD7F7769}.AppStore|x64.ActiveCfg = Debug|Any CPU
		{5AD374E6-F50F-4026-BD1A-FE75DD7F7769}.AppStore|x64.Build.0 = Debug|Any CPU
		{5AD374E6-F50F-4026-BD1A-FE75DD7F7769}.AppStore|x86.ActiveCfg = Debug|Any CPU
		{5AD374E6-F50F-4026-BD1A-FE75DD7F7769}.AppStore|x86.Build.0 = Debug|Any CPU
		{5AD374E6-F50F-4026-BD1A-FE75DD7F7769}.Debug|Any CPU.ActiveCfg = Debug|Any CPU
		{5AD374E6-F50F-4026-BD1A-FE75DD7F7769}.Debug|Any CPU.Build.0 = Debug|Any CPU
		{5AD374E6-F50F-4026-BD1A-FE75DD7F7769}.Debug|ARM.ActiveCfg = Debug|Any CPU
		{5AD374E6-F50F-4026-BD1A-FE75DD7F7769}.Debug|ARM.Build.0 = Debug|Any CPU
		{5AD374E6-F50F-4026-BD1A-FE75DD7F7769}.Debug|iPhone.ActiveCfg = Debug|Any CPU
		{5AD374E6-F50F-4026-BD1A-FE75DD7F7769}.Debug|iPhone.Build.0 = Debug|Any CPU
		{5AD374E6-F50F-4026-BD1A-FE75DD7F7769}.Debug|iPhoneSimulator.ActiveCfg = Debug|Any CPU
		{5AD374E6-F50F-4026-BD1A-FE75DD7F7769}.Debug|iPhoneSimulator.Build.0 = Debug|Any CPU
		{5AD374E6-F50F-4026-BD1A-FE75DD7F7769}.Debug|x64.ActiveCfg = Debug|Any CPU
		{5AD374E6-F50F-4026-BD1A-FE75DD7F7769}.Debug|x64.Build.0 = Debug|Any CPU
		{5AD374E6-F50F-4026-BD1A-FE75DD7F7769}.Debug|x86.ActiveCfg = Debug|Any CPU
		{5AD374E6-F50F-4026-BD1A-FE75DD7F7769}.Debug|x86.Build.0 = Debug|Any CPU
		{5AD374E6-F50F-4026-BD1A-FE75DD7F7769}.Release|Any CPU.ActiveCfg = Release|Any CPU
		{5AD374E6-F50F-4026-BD1A-FE75DD7F7769}.Release|Any CPU.Build.0 = Release|Any CPU
		{5AD374E6-F50F-4026-BD1A-FE75DD7F7769}.Release|ARM.ActiveCfg = Release|Any CPU
		{5AD374E6-F50F-4026-BD1A-FE75DD7F7769}.Release|ARM.Build.0 = Release|Any CPU
		{5AD374E6-F50F-4026-BD1A-FE75DD7F7769}.Release|iPhone.ActiveCfg = Release|Any CPU
		{5AD374E6-F50F-4026-BD1A-FE75DD7F7769}.Release|iPhone.Build.0 = Release|Any CPU
		{5AD374E6-F50F-4026-BD1A-FE75DD7F7769}.Release|iPhoneSimulator.ActiveCfg = Release|Any CPU
		{5AD374E6-F50F-4026-BD1A-FE75DD7F7769}.Release|iPhoneSimulator.Build.0 = Release|Any CPU
		{5AD374E6-F50F-4026-BD1A-FE75DD7F7769}.Release|x64.ActiveCfg = Release|Any CPU
		{5AD374E6-F50F-4026-BD1A-FE75DD7F7769}.Release|x64.Build.0 = Release|Any CPU
		{5AD374E6-F50F-4026-BD1A-FE75DD7F7769}.Release|x86.ActiveCfg = Release|Any CPU
		{5AD374E6-F50F-4026-BD1A-FE75DD7F7769}.Release|x86.Build.0 = Release|Any CPU
		{9B7D4B34-44DD-4F36-A97E-F1EB9E5205AC}.Ad-Hoc|Any CPU.ActiveCfg = Debug|Any CPU
		{9B7D4B34-44DD-4F36-A97E-F1EB9E5205AC}.Ad-Hoc|Any CPU.Build.0 = Debug|Any CPU
		{9B7D4B34-44DD-4F36-A97E-F1EB9E5205AC}.Ad-Hoc|ARM.ActiveCfg = Debug|Any CPU
		{9B7D4B34-44DD-4F36-A97E-F1EB9E5205AC}.Ad-Hoc|ARM.Build.0 = Debug|Any CPU
		{9B7D4B34-44DD-4F36-A97E-F1EB9E5205AC}.Ad-Hoc|iPhone.ActiveCfg = Debug|Any CPU
		{9B7D4B34-44DD-4F36-A97E-F1EB9E5205AC}.Ad-Hoc|iPhone.Build.0 = Debug|Any CPU
		{9B7D4B34-44DD-4F36-A97E-F1EB9E5205AC}.Ad-Hoc|iPhoneSimulator.ActiveCfg = Debug|Any CPU
		{9B7D4B34-44DD-4F36-A97E-F1EB9E5205AC}.Ad-Hoc|iPhoneSimulator.Build.0 = Debug|Any CPU
		{9B7D4B34-44DD-4F36-A97E-F1EB9E5205AC}.Ad-Hoc|x64.ActiveCfg = Debug|Any CPU
		{9B7D4B34-44DD-4F36-A97E-F1EB9E5205AC}.Ad-Hoc|x64.Build.0 = Debug|Any CPU
		{9B7D4B34-44DD-4F36-A97E-F1EB9E5205AC}.Ad-Hoc|x86.ActiveCfg = Debug|Any CPU
		{9B7D4B34-44DD-4F36-A97E-F1EB9E5205AC}.Ad-Hoc|x86.Build.0 = Debug|Any CPU
		{9B7D4B34-44DD-4F36-A97E-F1EB9E5205AC}.AppStore|Any CPU.ActiveCfg = Debug|Any CPU
		{9B7D4B34-44DD-4F36-A97E-F1EB9E5205AC}.AppStore|Any CPU.Build.0 = Debug|Any CPU
		{9B7D4B34-44DD-4F36-A97E-F1EB9E5205AC}.AppStore|ARM.ActiveCfg = Debug|Any CPU
		{9B7D4B34-44DD-4F36-A97E-F1EB9E5205AC}.AppStore|ARM.Build.0 = Debug|Any CPU
		{9B7D4B34-44DD-4F36-A97E-F1EB9E5205AC}.AppStore|iPhone.ActiveCfg = Debug|Any CPU
		{9B7D4B34-44DD-4F36-A97E-F1EB9E5205AC}.AppStore|iPhone.Build.0 = Debug|Any CPU
		{9B7D4B34-44DD-4F36-A97E-F1EB9E5205AC}.AppStore|iPhoneSimulator.ActiveCfg = Debug|Any CPU
		{9B7D4B34-44DD-4F36-A97E-F1EB9E5205AC}.AppStore|iPhoneSimulator.Build.0 = Debug|Any CPU
		{9B7D4B34-44DD-4F36-A97E-F1EB9E5205AC}.AppStore|x64.ActiveCfg = Debug|Any CPU
		{9B7D4B34-44DD-4F36-A97E-F1EB9E5205AC}.AppStore|x64.Build.0 = Debug|Any CPU
		{9B7D4B34-44DD-4F36-A97E-F1EB9E5205AC}.AppStore|x86.ActiveCfg = Debug|Any CPU
		{9B7D4B34-44DD-4F36-A97E-F1EB9E5205AC}.AppStore|x86.Build.0 = Debug|Any CPU
		{9B7D4B34-44DD-4F36-A97E-F1EB9E5205AC}.Debug|Any CPU.ActiveCfg = Debug|Any CPU
		{9B7D4B34-44DD-4F36-A97E-F1EB9E5205AC}.Debug|Any CPU.Build.0 = Debug|Any CPU
		{9B7D4B34-44DD-4F36-A97E-F1EB9E5205AC}.Debug|ARM.ActiveCfg = Debug|Any CPU
		{9B7D4B34-44DD-4F36-A97E-F1EB9E5205AC}.Debug|ARM.Build.0 = Debug|Any CPU
		{9B7D4B34-44DD-4F36-A97E-F1EB9E5205AC}.Debug|iPhone.ActiveCfg = Debug|Any CPU
		{9B7D4B34-44DD-4F36-A97E-F1EB9E5205AC}.Debug|iPhone.Build.0 = Debug|Any CPU
		{9B7D4B34-44DD-4F36-A97E-F1EB9E5205AC}.Debug|iPhoneSimulator.ActiveCfg = Debug|Any CPU
		{9B7D4B34-44DD-4F36-A97E-F1EB9E5205AC}.Debug|iPhoneSimulator.Build.0 = Debug|Any CPU
		{9B7D4B34-44DD-4F36-A97E-F1EB9E5205AC}.Debug|x64.ActiveCfg = Debug|Any CPU
		{9B7D4B34-44DD-4F36-A97E-F1EB9E5205AC}.Debug|x64.Build.0 = Debug|Any CPU
		{9B7D4B34-44DD-4F36-A97E-F1EB9E5205AC}.Debug|x86.ActiveCfg = Debug|Any CPU
		{9B7D4B34-44DD-4F36-A97E-F1EB9E5205AC}.Debug|x86.Build.0 = Debug|Any CPU
		{9B7D4B34-44DD-4F36-A97E-F1EB9E5205AC}.Release|Any CPU.ActiveCfg = Release|Any CPU
		{9B7D4B34-44DD-4F36-A97E-F1EB9E5205AC}.Release|Any CPU.Build.0 = Release|Any CPU
		{9B7D4B34-44DD-4F36-A97E-F1EB9E5205AC}.Release|ARM.ActiveCfg = Release|Any CPU
		{9B7D4B34-44DD-4F36-A97E-F1EB9E5205AC}.Release|ARM.Build.0 = Release|Any CPU
		{9B7D4B34-44DD-4F36-A97E-F1EB9E5205AC}.Release|iPhone.ActiveCfg = Release|Any CPU
		{9B7D4B34-44DD-4F36-A97E-F1EB9E5205AC}.Release|iPhone.Build.0 = Release|Any CPU
		{9B7D4B34-44DD-4F36-A97E-F1EB9E5205AC}.Release|iPhoneSimulator.ActiveCfg = Release|Any CPU
		{9B7D4B34-44DD-4F36-A97E-F1EB9E5205AC}.Release|iPhoneSimulator.Build.0 = Release|Any CPU
		{9B7D4B34-44DD-4F36-A97E-F1EB9E5205AC}.Release|x64.ActiveCfg = Release|Any CPU
		{9B7D4B34-44DD-4F36-A97E-F1EB9E5205AC}.Release|x64.Build.0 = Release|Any CPU
		{9B7D4B34-44DD-4F36-A97E-F1EB9E5205AC}.Release|x86.ActiveCfg = Release|Any CPU
		{9B7D4B34-44DD-4F36-A97E-F1EB9E5205AC}.Release|x86.Build.0 = Release|Any CPU
		{F84BA44F-FEF0-4431-8AA3-C49D89DE622A}.Ad-Hoc|Any CPU.ActiveCfg = Debug|Any CPU
		{F84BA44F-FEF0-4431-8AA3-C49D89DE622A}.Ad-Hoc|Any CPU.Build.0 = Debug|Any CPU
		{F84BA44F-FEF0-4431-8AA3-C49D89DE622A}.Ad-Hoc|ARM.ActiveCfg = Debug|Any CPU
		{F84BA44F-FEF0-4431-8AA3-C49D89DE622A}.Ad-Hoc|ARM.Build.0 = Debug|Any CPU
		{F84BA44F-FEF0-4431-8AA3-C49D89DE622A}.Ad-Hoc|iPhone.ActiveCfg = Debug|Any CPU
		{F84BA44F-FEF0-4431-8AA3-C49D89DE622A}.Ad-Hoc|iPhone.Build.0 = Debug|Any CPU
		{F84BA44F-FEF0-4431-8AA3-C49D89DE622A}.Ad-Hoc|iPhoneSimulator.ActiveCfg = Debug|Any CPU
		{F84BA44F-FEF0-4431-8AA3-C49D89DE622A}.Ad-Hoc|iPhoneSimulator.Build.0 = Debug|Any CPU
		{F84BA44F-FEF0-4431-8AA3-C49D89DE622A}.Ad-Hoc|x64.ActiveCfg = Debug|Any CPU
		{F84BA44F-FEF0-4431-8AA3-C49D89DE622A}.Ad-Hoc|x64.Build.0 = Debug|Any CPU
		{F84BA44F-FEF0-4431-8AA3-C49D89DE622A}.Ad-Hoc|x86.ActiveCfg = Debug|Any CPU
		{F84BA44F-FEF0-4431-8AA3-C49D89DE622A}.Ad-Hoc|x86.Build.0 = Debug|Any CPU
		{F84BA44F-FEF0-4431-8AA3-C49D89DE622A}.AppStore|Any CPU.ActiveCfg = Debug|Any CPU
		{F84BA44F-FEF0-4431-8AA3-C49D89DE622A}.AppStore|Any CPU.Build.0 = Debug|Any CPU
		{F84BA44F-FEF0-4431-8AA3-C49D89DE622A}.AppStore|ARM.ActiveCfg = Debug|Any CPU
		{F84BA44F-FEF0-4431-8AA3-C49D89DE622A}.AppStore|ARM.Build.0 = Debug|Any CPU
		{F84BA44F-FEF0-4431-8AA3-C49D89DE622A}.AppStore|iPhone.ActiveCfg = Debug|Any CPU
		{F84BA44F-FEF0-4431-8AA3-C49D89DE622A}.AppStore|iPhone.Build.0 = Debug|Any CPU
		{F84BA44F-FEF0-4431-8AA3-C49D89DE622A}.AppStore|iPhoneSimulator.ActiveCfg = Debug|Any CPU
		{F84BA44F-FEF0-4431-8AA3-C49D89DE622A}.AppStore|iPhoneSimulator.Build.0 = Debug|Any CPU
		{F84BA44F-FEF0-4431-8AA3-C49D89DE622A}.AppStore|x64.ActiveCfg = Debug|Any CPU
		{F84BA44F-FEF0-4431-8AA3-C49D89DE622A}.AppStore|x64.Build.0 = Debug|Any CPU
		{F84BA44F-FEF0-4431-8AA3-C49D89DE622A}.AppStore|x86.ActiveCfg = Debug|Any CPU
		{F84BA44F-FEF0-4431-8AA3-C49D89DE622A}.AppStore|x86.Build.0 = Debug|Any CPU
		{F84BA44F-FEF0-4431-8AA3-C49D89DE622A}.Debug|Any CPU.ActiveCfg = Debug|Any CPU
		{F84BA44F-FEF0-4431-8AA3-C49D89DE622A}.Debug|Any CPU.Build.0 = Debug|Any CPU
		{F84BA44F-FEF0-4431-8AA3-C49D89DE622A}.Debug|ARM.ActiveCfg = Debug|Any CPU
		{F84BA44F-FEF0-4431-8AA3-C49D89DE622A}.Debug|ARM.Build.0 = Debug|Any CPU
		{F84BA44F-FEF0-4431-8AA3-C49D89DE622A}.Debug|iPhone.ActiveCfg = Debug|Any CPU
		{F84BA44F-FEF0-4431-8AA3-C49D89DE622A}.Debug|iPhone.Build.0 = Debug|Any CPU
		{F84BA44F-FEF0-4431-8AA3-C49D89DE622A}.Debug|iPhoneSimulator.ActiveCfg = Debug|Any CPU
		{F84BA44F-FEF0-4431-8AA3-C49D89DE622A}.Debug|iPhoneSimulator.Build.0 = Debug|Any CPU
		{F84BA44F-FEF0-4431-8AA3-C49D89DE622A}.Debug|x64.ActiveCfg = Debug|Any CPU
		{F84BA44F-FEF0-4431-8AA3-C49D89DE622A}.Debug|x64.Build.0 = Debug|Any CPU
		{F84BA44F-FEF0-4431-8AA3-C49D89DE622A}.Debug|x86.ActiveCfg = Debug|Any CPU
		{F84BA44F-FEF0-4431-8AA3-C49D89DE622A}.Debug|x86.Build.0 = Debug|Any CPU
		{F84BA44F-FEF0-4431-8AA3-C49D89DE622A}.Release|Any CPU.ActiveCfg = Release|Any CPU
		{F84BA44F-FEF0-4431-8AA3-C49D89DE622A}.Release|Any CPU.Build.0 = Release|Any CPU
		{F84BA44F-FEF0-4431-8AA3-C49D89DE622A}.Release|ARM.ActiveCfg = Release|Any CPU
		{F84BA44F-FEF0-4431-8AA3-C49D89DE622A}.Release|ARM.Build.0 = Release|Any CPU
		{F84BA44F-FEF0-4431-8AA3-C49D89DE622A}.Release|iPhone.ActiveCfg = Release|Any CPU
		{F84BA44F-FEF0-4431-8AA3-C49D89DE622A}.Release|iPhone.Build.0 = Release|Any CPU
		{F84BA44F-FEF0-4431-8AA3-C49D89DE622A}.Release|iPhoneSimulator.ActiveCfg = Release|Any CPU
		{F84BA44F-FEF0-4431-8AA3-C49D89DE622A}.Release|iPhoneSimulator.Build.0 = Release|Any CPU
		{F84BA44F-FEF0-4431-8AA3-C49D89DE622A}.Release|x64.ActiveCfg = Release|Any CPU
		{F84BA44F-FEF0-4431-8AA3-C49D89DE622A}.Release|x64.Build.0 = Release|Any CPU
		{F84BA44F-FEF0-4431-8AA3-C49D89DE622A}.Release|x86.ActiveCfg = Release|Any CPU
		{F84BA44F-FEF0-4431-8AA3-C49D89DE622A}.Release|x86.Build.0 = Release|Any CPU
		{F0C34D6B-8B22-44D6-937F-0C5AE3AD60F4}.Ad-Hoc|Any CPU.ActiveCfg = Debug|Any CPU
		{F0C34D6B-8B22-44D6-937F-0C5AE3AD60F4}.Ad-Hoc|Any CPU.Build.0 = Debug|Any CPU
		{F0C34D6B-8B22-44D6-937F-0C5AE3AD60F4}.Ad-Hoc|ARM.ActiveCfg = Debug|Any CPU
		{F0C34D6B-8B22-44D6-937F-0C5AE3AD60F4}.Ad-Hoc|ARM.Build.0 = Debug|Any CPU
		{F0C34D6B-8B22-44D6-937F-0C5AE3AD60F4}.Ad-Hoc|iPhone.ActiveCfg = Debug|Any CPU
		{F0C34D6B-8B22-44D6-937F-0C5AE3AD60F4}.Ad-Hoc|iPhone.Build.0 = Debug|Any CPU
		{F0C34D6B-8B22-44D6-937F-0C5AE3AD60F4}.Ad-Hoc|iPhoneSimulator.ActiveCfg = Debug|Any CPU
		{F0C34D6B-8B22-44D6-937F-0C5AE3AD60F4}.Ad-Hoc|iPhoneSimulator.Build.0 = Debug|Any CPU
		{F0C34D6B-8B22-44D6-937F-0C5AE3AD60F4}.Ad-Hoc|x64.ActiveCfg = Debug|Any CPU
		{F0C34D6B-8B22-44D6-937F-0C5AE3AD60F4}.Ad-Hoc|x64.Build.0 = Debug|Any CPU
		{F0C34D6B-8B22-44D6-937F-0C5AE3AD60F4}.Ad-Hoc|x86.ActiveCfg = Debug|Any CPU
		{F0C34D6B-8B22-44D6-937F-0C5AE3AD60F4}.Ad-Hoc|x86.Build.0 = Debug|Any CPU
		{F0C34D6B-8B22-44D6-937F-0C5AE3AD60F4}.AppStore|Any CPU.ActiveCfg = Debug|Any CPU
		{F0C34D6B-8B22-44D6-937F-0C5AE3AD60F4}.AppStore|Any CPU.Build.0 = Debug|Any CPU
		{F0C34D6B-8B22-44D6-937F-0C5AE3AD60F4}.AppStore|ARM.ActiveCfg = Debug|Any CPU
		{F0C34D6B-8B22-44D6-937F-0C5AE3AD60F4}.AppStore|ARM.Build.0 = Debug|Any CPU
		{F0C34D6B-8B22-44D6-937F-0C5AE3AD60F4}.AppStore|iPhone.ActiveCfg = Debug|Any CPU
		{F0C34D6B-8B22-44D6-937F-0C5AE3AD60F4}.AppStore|iPhone.Build.0 = Debug|Any CPU
		{F0C34D6B-8B22-44D6-937F-0C5AE3AD60F4}.AppStore|iPhoneSimulator.ActiveCfg = Debug|Any CPU
		{F0C34D6B-8B22-44D6-937F-0C5AE3AD60F4}.AppStore|iPhoneSimulator.Build.0 = Debug|Any CPU
		{F0C34D6B-8B22-44D6-937F-0C5AE3AD60F4}.AppStore|x64.ActiveCfg = Debug|Any CPU
		{F0C34D6B-8B22-44D6-937F-0C5AE3AD60F4}.AppStore|x64.Build.0 = Debug|Any CPU
		{F0C34D6B-8B22-44D6-937F-0C5AE3AD60F4}.AppStore|x86.ActiveCfg = Debug|Any CPU
		{F0C34D6B-8B22-44D6-937F-0C5AE3AD60F4}.AppStore|x86.Build.0 = Debug|Any CPU
		{F0C34D6B-8B22-44D6-937F-0C5AE3AD60F4}.Debug|Any CPU.ActiveCfg = Debug|Any CPU
		{F0C34D6B-8B22-44D6-937F-0C5AE3AD60F4}.Debug|Any CPU.Build.0 = Debug|Any CPU
		{F0C34D6B-8B22-44D6-937F-0C5AE3AD60F4}.Debug|ARM.ActiveCfg = Debug|Any CPU
		{F0C34D6B-8B22-44D6-937F-0C5AE3AD60F4}.Debug|ARM.Build.0 = Debug|Any CPU
		{F0C34D6B-8B22-44D6-937F-0C5AE3AD60F4}.Debug|iPhone.ActiveCfg = Debug|Any CPU
		{F0C34D6B-8B22-44D6-937F-0C5AE3AD60F4}.Debug|iPhone.Build.0 = Debug|Any CPU
		{F0C34D6B-8B22-44D6-937F-0C5AE3AD60F4}.Debug|iPhoneSimulator.ActiveCfg = Debug|Any CPU
		{F0C34D6B-8B22-44D6-937F-0C5AE3AD60F4}.Debug|iPhoneSimulator.Build.0 = Debug|Any CPU
		{F0C34D6B-8B22-44D6-937F-0C5AE3AD60F4}.Debug|x64.ActiveCfg = Debug|Any CPU
		{F0C34D6B-8B22-44D6-937F-0C5AE3AD60F4}.Debug|x64.Build.0 = Debug|Any CPU
		{F0C34D6B-8B22-44D6-937F-0C5AE3AD60F4}.Debug|x86.ActiveCfg = Debug|Any CPU
		{F0C34D6B-8B22-44D6-937F-0C5AE3AD60F4}.Debug|x86.Build.0 = Debug|Any CPU
		{F0C34D6B-8B22-44D6-937F-0C5AE3AD60F4}.Release|Any CPU.ActiveCfg = Release|Any CPU
		{F0C34D6B-8B22-44D6-937F-0C5AE3AD60F4}.Release|Any CPU.Build.0 = Release|Any CPU
		{F0C34D6B-8B22-44D6-937F-0C5AE3AD60F4}.Release|ARM.ActiveCfg = Release|Any CPU
		{F0C34D6B-8B22-44D6-937F-0C5AE3AD60F4}.Release|ARM.Build.0 = Release|Any CPU
		{F0C34D6B-8B22-44D6-937F-0C5AE3AD60F4}.Release|iPhone.ActiveCfg = Release|Any CPU
		{F0C34D6B-8B22-44D6-937F-0C5AE3AD60F4}.Release|iPhone.Build.0 = Release|Any CPU
		{F0C34D6B-8B22-44D6-937F-0C5AE3AD60F4}.Release|iPhoneSimulator.ActiveCfg = Release|Any CPU
		{F0C34D6B-8B22-44D6-937F-0C5AE3AD60F4}.Release|iPhoneSimulator.Build.0 = Release|Any CPU
		{F0C34D6B-8B22-44D6-937F-0C5AE3AD60F4}.Release|x64.ActiveCfg = Release|Any CPU
		{F0C34D6B-8B22-44D6-937F-0C5AE3AD60F4}.Release|x64.Build.0 = Release|Any CPU
		{F0C34D6B-8B22-44D6-937F-0C5AE3AD60F4}.Release|x86.ActiveCfg = Release|Any CPU
		{F0C34D6B-8B22-44D6-937F-0C5AE3AD60F4}.Release|x86.Build.0 = Release|Any CPU
		{AD384E19-7EC3-45A0-BF26-4270884CD3CF}.Ad-Hoc|Any CPU.ActiveCfg = Debug|Any CPU
		{AD384E19-7EC3-45A0-BF26-4270884CD3CF}.Ad-Hoc|Any CPU.Build.0 = Debug|Any CPU
		{AD384E19-7EC3-45A0-BF26-4270884CD3CF}.Ad-Hoc|ARM.ActiveCfg = Debug|Any CPU
		{AD384E19-7EC3-45A0-BF26-4270884CD3CF}.Ad-Hoc|ARM.Build.0 = Debug|Any CPU
		{AD384E19-7EC3-45A0-BF26-4270884CD3CF}.Ad-Hoc|iPhone.ActiveCfg = Debug|Any CPU
		{AD384E19-7EC3-45A0-BF26-4270884CD3CF}.Ad-Hoc|iPhone.Build.0 = Debug|Any CPU
		{AD384E19-7EC3-45A0-BF26-4270884CD3CF}.Ad-Hoc|iPhoneSimulator.ActiveCfg = Debug|Any CPU
		{AD384E19-7EC3-45A0-BF26-4270884CD3CF}.Ad-Hoc|iPhoneSimulator.Build.0 = Debug|Any CPU
		{AD384E19-7EC3-45A0-BF26-4270884CD3CF}.Ad-Hoc|x64.ActiveCfg = Debug|Any CPU
		{AD384E19-7EC3-45A0-BF26-4270884CD3CF}.Ad-Hoc|x64.Build.0 = Debug|Any CPU
		{AD384E19-7EC3-45A0-BF26-4270884CD3CF}.Ad-Hoc|x86.ActiveCfg = Debug|Any CPU
		{AD384E19-7EC3-45A0-BF26-4270884CD3CF}.Ad-Hoc|x86.Build.0 = Debug|Any CPU
		{AD384E19-7EC3-45A0-BF26-4270884CD3CF}.AppStore|Any CPU.ActiveCfg = Debug|Any CPU
		{AD384E19-7EC3-45A0-BF26-4270884CD3CF}.AppStore|Any CPU.Build.0 = Debug|Any CPU
		{AD384E19-7EC3-45A0-BF26-4270884CD3CF}.AppStore|ARM.ActiveCfg = Debug|Any CPU
		{AD384E19-7EC3-45A0-BF26-4270884CD3CF}.AppStore|ARM.Build.0 = Debug|Any CPU
		{AD384E19-7EC3-45A0-BF26-4270884CD3CF}.AppStore|iPhone.ActiveCfg = Debug|Any CPU
		{AD384E19-7EC3-45A0-BF26-4270884CD3CF}.AppStore|iPhone.Build.0 = Debug|Any CPU
		{AD384E19-7EC3-45A0-BF26-4270884CD3CF}.AppStore|iPhoneSimulator.ActiveCfg = Debug|Any CPU
		{AD384E19-7EC3-45A0-BF26-4270884CD3CF}.AppStore|iPhoneSimulator.Build.0 = Debug|Any CPU
		{AD384E19-7EC3-45A0-BF26-4270884CD3CF}.AppStore|x64.ActiveCfg = Debug|Any CPU
		{AD384E19-7EC3-45A0-BF26-4270884CD3CF}.AppStore|x64.Build.0 = Debug|Any CPU
		{AD384E19-7EC3-45A0-BF26-4270884CD3CF}.AppStore|x86.ActiveCfg = Debug|Any CPU
		{AD384E19-7EC3-45A0-BF26-4270884CD3CF}.AppStore|x86.Build.0 = Debug|Any CPU
		{AD384E19-7EC3-45A0-BF26-4270884CD3CF}.Debug|Any CPU.ActiveCfg = Debug|Any CPU
		{AD384E19-7EC3-45A0-BF26-4270884CD3CF}.Debug|Any CPU.Build.0 = Debug|Any CPU
		{AD384E19-7EC3-45A0-BF26-4270884CD3CF}.Debug|ARM.ActiveCfg = Debug|Any CPU
		{AD384E19-7EC3-45A0-BF26-4270884CD3CF}.Debug|ARM.Build.0 = Debug|Any CPU
		{AD384E19-7EC3-45A0-BF26-4270884CD3CF}.Debug|iPhone.ActiveCfg = Debug|Any CPU
		{AD384E19-7EC3-45A0-BF26-4270884CD3CF}.Debug|iPhone.Build.0 = Debug|Any CPU
		{AD384E19-7EC3-45A0-BF26-4270884CD3CF}.Debug|iPhoneSimulator.ActiveCfg = Debug|Any CPU
		{AD384E19-7EC3-45A0-BF26-4270884CD3CF}.Debug|iPhoneSimulator.Build.0 = Debug|Any CPU
		{AD384E19-7EC3-45A0-BF26-4270884CD3CF}.Debug|x64.ActiveCfg = Debug|Any CPU
		{AD384E19-7EC3-45A0-BF26-4270884CD3CF}.Debug|x64.Build.0 = Debug|Any CPU
		{AD384E19-7EC3-45A0-BF26-4270884CD3CF}.Debug|x86.ActiveCfg = Debug|Any CPU
		{AD384E19-7EC3-45A0-BF26-4270884CD3CF}.Debug|x86.Build.0 = Debug|Any CPU
		{AD384E19-7EC3-45A0-BF26-4270884CD3CF}.Release|Any CPU.ActiveCfg = Release|Any CPU
		{AD384E19-7EC3-45A0-BF26-4270884CD3CF}.Release|Any CPU.Build.0 = Release|Any CPU
		{AD384E19-7EC3-45A0-BF26-4270884CD3CF}.Release|ARM.ActiveCfg = Release|Any CPU
		{AD384E19-7EC3-45A0-BF26-4270884CD3CF}.Release|ARM.Build.0 = Release|Any CPU
		{AD384E19-7EC3-45A0-BF26-4270884CD3CF}.Release|iPhone.ActiveCfg = Release|Any CPU
		{AD384E19-7EC3-45A0-BF26-4270884CD3CF}.Release|iPhone.Build.0 = Release|Any CPU
		{AD384E19-7EC3-45A0-BF26-4270884CD3CF}.Release|iPhoneSimulator.ActiveCfg = Release|Any CPU
		{AD384E19-7EC3-45A0-BF26-4270884CD3CF}.Release|iPhoneSimulator.Build.0 = Release|Any CPU
		{AD384E19-7EC3-45A0-BF26-4270884CD3CF}.Release|x64.ActiveCfg = Release|Any CPU
		{AD384E19-7EC3-45A0-BF26-4270884CD3CF}.Release|x64.Build.0 = Release|Any CPU
		{AD384E19-7EC3-45A0-BF26-4270884CD3CF}.Release|x86.ActiveCfg = Release|Any CPU
		{AD384E19-7EC3-45A0-BF26-4270884CD3CF}.Release|x86.Build.0 = Release|Any CPU
		{F88D3FD9-979D-4D85-9E32-FC2099BB71A5}.Ad-Hoc|Any CPU.ActiveCfg = Debug|Any CPU
		{F88D3FD9-979D-4D85-9E32-FC2099BB71A5}.Ad-Hoc|Any CPU.Build.0 = Debug|Any CPU
		{F88D3FD9-979D-4D85-9E32-FC2099BB71A5}.Ad-Hoc|ARM.ActiveCfg = Debug|Any CPU
		{F88D3FD9-979D-4D85-9E32-FC2099BB71A5}.Ad-Hoc|ARM.Build.0 = Debug|Any CPU
		{F88D3FD9-979D-4D85-9E32-FC2099BB71A5}.Ad-Hoc|iPhone.ActiveCfg = Debug|Any CPU
		{F88D3FD9-979D-4D85-9E32-FC2099BB71A5}.Ad-Hoc|iPhone.Build.0 = Debug|Any CPU
		{F88D3FD9-979D-4D85-9E32-FC2099BB71A5}.Ad-Hoc|iPhoneSimulator.ActiveCfg = Debug|Any CPU
		{F88D3FD9-979D-4D85-9E32-FC2099BB71A5}.Ad-Hoc|iPhoneSimulator.Build.0 = Debug|Any CPU
		{F88D3FD9-979D-4D85-9E32-FC2099BB71A5}.Ad-Hoc|x64.ActiveCfg = Debug|Any CPU
		{F88D3FD9-979D-4D85-9E32-FC2099BB71A5}.Ad-Hoc|x64.Build.0 = Debug|Any CPU
		{F88D3FD9-979D-4D85-9E32-FC2099BB71A5}.Ad-Hoc|x86.ActiveCfg = Debug|Any CPU
		{F88D3FD9-979D-4D85-9E32-FC2099BB71A5}.Ad-Hoc|x86.Build.0 = Debug|Any CPU
		{F88D3FD9-979D-4D85-9E32-FC2099BB71A5}.AppStore|Any CPU.ActiveCfg = Debug|Any CPU
		{F88D3FD9-979D-4D85-9E32-FC2099BB71A5}.AppStore|Any CPU.Build.0 = Debug|Any CPU
		{F88D3FD9-979D-4D85-9E32-FC2099BB71A5}.AppStore|ARM.ActiveCfg = Debug|Any CPU
		{F88D3FD9-979D-4D85-9E32-FC2099BB71A5}.AppStore|ARM.Build.0 = Debug|Any CPU
		{F88D3FD9-979D-4D85-9E32-FC2099BB71A5}.AppStore|iPhone.ActiveCfg = Debug|Any CPU
		{F88D3FD9-979D-4D85-9E32-FC2099BB71A5}.AppStore|iPhone.Build.0 = Debug|Any CPU
		{F88D3FD9-979D-4D85-9E32-FC2099BB71A5}.AppStore|iPhoneSimulator.ActiveCfg = Debug|Any CPU
		{F88D3FD9-979D-4D85-9E32-FC2099BB71A5}.AppStore|iPhoneSimulator.Build.0 = Debug|Any CPU
		{F88D3FD9-979D-4D85-9E32-FC2099BB71A5}.AppStore|x64.ActiveCfg = Debug|Any CPU
		{F88D3FD9-979D-4D85-9E32-FC2099BB71A5}.AppStore|x64.Build.0 = Debug|Any CPU
		{F88D3FD9-979D-4D85-9E32-FC2099BB71A5}.AppStore|x86.ActiveCfg = Debug|Any CPU
		{F88D3FD9-979D-4D85-9E32-FC2099BB71A5}.AppStore|x86.Build.0 = Debug|Any CPU
		{F88D3FD9-979D-4D85-9E32-FC2099BB71A5}.Debug|Any CPU.ActiveCfg = Debug|Any CPU
		{F88D3FD9-979D-4D85-9E32-FC2099BB71A5}.Debug|Any CPU.Build.0 = Debug|Any CPU
		{F88D3FD9-979D-4D85-9E32-FC2099BB71A5}.Debug|ARM.ActiveCfg = Debug|Any CPU
		{F88D3FD9-979D-4D85-9E32-FC2099BB71A5}.Debug|ARM.Build.0 = Debug|Any CPU
		{F88D3FD9-979D-4D85-9E32-FC2099BB71A5}.Debug|iPhone.ActiveCfg = Debug|Any CPU
		{F88D3FD9-979D-4D85-9E32-FC2099BB71A5}.Debug|iPhone.Build.0 = Debug|Any CPU
		{F88D3FD9-979D-4D85-9E32-FC2099BB71A5}.Debug|iPhoneSimulator.ActiveCfg = Debug|Any CPU
		{F88D3FD9-979D-4D85-9E32-FC2099BB71A5}.Debug|iPhoneSimulator.Build.0 = Debug|Any CPU
		{F88D3FD9-979D-4D85-9E32-FC2099BB71A5}.Debug|x64.ActiveCfg = Debug|Any CPU
		{F88D3FD9-979D-4D85-9E32-FC2099BB71A5}.Debug|x64.Build.0 = Debug|Any CPU
		{F88D3FD9-979D-4D85-9E32-FC2099BB71A5}.Debug|x86.ActiveCfg = Debug|Any CPU
		{F88D3FD9-979D-4D85-9E32-FC2099BB71A5}.Debug|x86.Build.0 = Debug|Any CPU
		{F88D3FD9-979D-4D85-9E32-FC2099BB71A5}.Release|Any CPU.ActiveCfg = Release|Any CPU
		{F88D3FD9-979D-4D85-9E32-FC2099BB71A5}.Release|Any CPU.Build.0 = Release|Any CPU
		{F88D3FD9-979D-4D85-9E32-FC2099BB71A5}.Release|ARM.ActiveCfg = Release|Any CPU
		{F88D3FD9-979D-4D85-9E32-FC2099BB71A5}.Release|ARM.Build.0 = Release|Any CPU
		{F88D3FD9-979D-4D85-9E32-FC2099BB71A5}.Release|iPhone.ActiveCfg = Release|Any CPU
		{F88D3FD9-979D-4D85-9E32-FC2099BB71A5}.Release|iPhone.Build.0 = Release|Any CPU
		{F88D3FD9-979D-4D85-9E32-FC2099BB71A5}.Release|iPhoneSimulator.ActiveCfg = Release|Any CPU
		{F88D3FD9-979D-4D85-9E32-FC2099BB71A5}.Release|iPhoneSimulator.Build.0 = Release|Any CPU
		{F88D3FD9-979D-4D85-9E32-FC2099BB71A5}.Release|x64.ActiveCfg = Release|Any CPU
		{F88D3FD9-979D-4D85-9E32-FC2099BB71A5}.Release|x64.Build.0 = Release|Any CPU
		{F88D3FD9-979D-4D85-9E32-FC2099BB71A5}.Release|x86.ActiveCfg = Release|Any CPU
		{F88D3FD9-979D-4D85-9E32-FC2099BB71A5}.Release|x86.Build.0 = Release|Any CPU
	EndGlobalSection
	GlobalSection(SolutionProperties) = preSolution
		HideSolutionNode = FALSE
	EndGlobalSection
	GlobalSection(NestedProjects) = preSolution
		{3AF13D7E-92D5-4B2A-AB24-3A4330D2D06C} = {AE8E0685-A14E-4F18-8AC2-99DF1C45EFF4}
		{C5AC6DD4-3490-4C8A-B5EC-3EA59C78D179} = {AE8E0685-A14E-4F18-8AC2-99DF1C45EFF4}
		{BD2A0655-FEC0-45EA-BE9B-94E730C2DC6B} = {C5AC6DD4-3490-4C8A-B5EC-3EA59C78D179}
		{69654AC7-999C-493A-88A6-7B5357EBFCF4} = {BD2A0655-FEC0-45EA-BE9B-94E730C2DC6B}
		{38132213-F062-41E8-850D-6219AA841AEA} = {3AF13D7E-92D5-4B2A-AB24-3A4330D2D06C}
		{A197F406-9944-49B9-B9B4-A17BF612C8A9} = {38132213-F062-41E8-850D-6219AA841AEA}
		{5AD374E6-F50F-4026-BD1A-FE75DD7F7769} = {AE8E0685-A14E-4F18-8AC2-99DF1C45EFF4}
		{20DD5B7A-4A1E-490F-9E24-B54CC1A05BDE} = {C5AC6DD4-3490-4C8A-B5EC-3EA59C78D179}
		{F84BA44F-FEF0-4431-8AA3-C49D89DE622A} = {20DD5B7A-4A1E-490F-9E24-B54CC1A05BDE}
		{F0C34D6B-8B22-44D6-937F-0C5AE3AD60F4} = {38132213-F062-41E8-850D-6219AA841AEA}
		{AD384E19-7EC3-45A0-BF26-4270884CD3CF} = {3AF13D7E-92D5-4B2A-AB24-3A4330D2D06C}
		{F88D3FD9-979D-4D85-9E32-FC2099BB71A5} = {38132213-F062-41E8-850D-6219AA841AEA}
	EndGlobalSection
	GlobalSection(ExtensibilityGlobals) = postSolution
		SolutionGuid = {13B02A2C-697B-411E-883A-07C0B820CFE1}
	EndGlobalSection
EndGlobal
